// !$*UTF8*$!
{
	archiveVersion = 1;
	classes = {
	};
	objectVersion = 56;
	objects = {

/* Begin PBXBuildFile section */
		DD78C9A82A57FFE3009069F2 /* SwiftUIAppApp.swift in Sources */ = {isa = PBXBuildFile; fileRef = DD78C9A72A57FFE3009069F2 /* SwiftUIAppApp.swift */; };
		DD78C9AC2A57FFE5009069F2 /* Assets.xcassets in Resources */ = {isa = PBXBuildFile; fileRef = DD78C9AB2A57FFE5009069F2 /* Assets.xcassets */; };
		DD78C9AF2A57FFE5009069F2 /* Preview Assets.xcassets in Resources */ = {isa = PBXBuildFile; fileRef = DD78C9AE2A57FFE5009069F2 /* Preview Assets.xcassets */; };
		DD78C9B62A57FFF2009069F2 /* Post.swift in Sources */ = {isa = PBXBuildFile; fileRef = DD78C9B52A57FFF2009069F2 /* Post.swift */; };
		DD78C9B82A58009C009069F2 /* PostArray.swift in Sources */ = {isa = PBXBuildFile; fileRef = DD78C9B72A58009C009069F2 /* PostArray.swift */; };
		DD78C9BC2A580204009069F2 /* InfoView.swift in Sources */ = {isa = PBXBuildFile; fileRef = DD78C9BB2A580204009069F2 /* InfoView.swift */; };
		DD78C9BE2A580692009069F2 /* InfoRow.swift in Sources */ = {isa = PBXBuildFile; fileRef = DD78C9BD2A580692009069F2 /* InfoRow.swift */; };
		DD78C9C02A581133009069F2 /* InfoDetails.swift in Sources */ = {isa = PBXBuildFile; fileRef = DD78C9BF2A581133009069F2 /* InfoDetails.swift */; };
		DD78C9C22A58150A009069F2 /* PostCapsulelImage.swift in Sources */ = {isa = PBXBuildFile; fileRef = DD78C9C12A58150A009069F2 /* PostCapsulelImage.swift */; };
		DD78C9C42A58294D009069F2 /* PostDescriptionView.swift in Sources */ = {isa = PBXBuildFile; fileRef = DD78C9C32A58294D009069F2 /* PostDescriptionView.swift */; };
		DD78C9C62A582D73009069F2 /* ContentView.swift in Sources */ = {isa = PBXBuildFile; fileRef = DD78C9C52A582D73009069F2 /* ContentView.swift */; };
		DD78C9C82A58898D009069F2 /* MapView.swift in Sources */ = {isa = PBXBuildFile; fileRef = DD78C9C72A58898D009069F2 /* MapView.swift */; };
		DD78C9CA2A5889A2009069F2 /* SettingsView.swift in Sources */ = {isa = PBXBuildFile; fileRef = DD78C9C92A5889A2009069F2 /* SettingsView.swift */; };
/* End PBXBuildFile section */

/* Begin PBXFileReference section */
		DD78C9A42A57FFE3009069F2 /* SwiftUIApp.app */ = {isa = PBXFileReference; explicitFileType = wrapper.application; includeInIndex = 0; path = SwiftUIApp.app; sourceTree = BUILT_PRODUCTS_DIR; };
		DD78C9A72A57FFE3009069F2 /* SwiftUIAppApp.swift */ = {isa = PBXFileReference; lastKnownFileType = sourcecode.swift; path = SwiftUIAppApp.swift; sourceTree = "<group>"; };
		DD78C9AB2A57FFE5009069F2 /* Assets.xcassets */ = {isa = PBXFileReference; lastKnownFileType = folder.assetcatalog; path = Assets.xcassets; sourceTree = "<group>"; };
		DD78C9AE2A57FFE5009069F2 /* Preview Assets.xcassets */ = {isa = PBXFileReference; lastKnownFileType = folder.assetcatalog; path = "Preview Assets.xcassets"; sourceTree = "<group>"; };
		DD78C9B52A57FFF2009069F2 /* Post.swift */ = {isa = PBXFileReference; lastKnownFileType = sourcecode.swift; path = Post.swift; sourceTree = "<group>"; };
		DD78C9B72A58009C009069F2 /* PostArray.swift */ = {isa = PBXFileReference; lastKnownFileType = sourcecode.swift; path = PostArray.swift; sourceTree = "<group>"; };
		DD78C9BB2A580204009069F2 /* InfoView.swift */ = {isa = PBXFileReference; lastKnownFileType = sourcecode.swift; path = InfoView.swift; sourceTree = "<group>"; };
		DD78C9BD2A580692009069F2 /* InfoRow.swift */ = {isa = PBXFileReference; lastKnownFileType = sourcecode.swift; path = InfoRow.swift; sourceTree = "<group>"; };
		DD78C9BF2A581133009069F2 /* InfoDetails.swift */ = {isa = PBXFileReference; lastKnownFileType = sourcecode.swift; path = InfoDetails.swift; sourceTree = "<group>"; };
		DD78C9C12A58150A009069F2 /* PostCapsulelImage.swift */ = {isa = PBXFileReference; lastKnownFileType = sourcecode.swift; path = PostCapsulelImage.swift; sourceTree = "<group>"; };
		DD78C9C32A58294D009069F2 /* PostDescriptionView.swift */ = {isa = PBXFileReference; lastKnownFileType = sourcecode.swift; path = PostDescriptionView.swift; sourceTree = "<group>"; };
		DD78C9C52A582D73009069F2 /* ContentView.swift */ = {isa = PBXFileReference; lastKnownFileType = sourcecode.swift; path = ContentView.swift; sourceTree = "<group>"; };
		DD78C9C72A58898D009069F2 /* MapView.swift */ = {isa = PBXFileReference; lastKnownFileType = sourcecode.swift; path = MapView.swift; sourceTree = "<group>"; };
		DD78C9C92A5889A2009069F2 /* SettingsView.swift */ = {isa = PBXFileReference; lastKnownFileType = sourcecode.swift; path = SettingsView.swift; sourceTree = "<group>"; };
/* End PBXFileReference section */

/* Begin PBXFrameworksBuildPhase section */
		DD78C9A12A57FFE3009069F2 /* Frameworks */ = {
			isa = PBXFrameworksBuildPhase;
			buildActionMask = 2147483647;
			files = (
			);
			runOnlyForDeploymentPostprocessing = 0;
		};
/* End PBXFrameworksBuildPhase section */

/* Begin PBXGroup section */
		DD78C99B2A57FFE3009069F2 = {
			isa = PBXGroup;
			children = (
				DD78C9A62A57FFE3009069F2 /* SwiftUIApp */,
				DD78C9A52A57FFE3009069F2 /* Products */,
			);
			sourceTree = "<group>";
		};
		DD78C9A52A57FFE3009069F2 /* Products */ = {
			isa = PBXGroup;
			children = (
				DD78C9A42A57FFE3009069F2 /* SwiftUIApp.app */,
			);
			name = Products;
			sourceTree = "<group>";
		};
		DD78C9A62A57FFE3009069F2 /* SwiftUIApp */ = {
			isa = PBXGroup;
			children = (
				DD78C9C52A582D73009069F2 /* ContentView.swift */,
				DD78C9C72A58898D009069F2 /* MapView.swift */,
				DD78C9C92A5889A2009069F2 /* SettingsView.swift */,
				DD78C9A72A57FFE3009069F2 /* SwiftUIAppApp.swift */,
				DD78C9BB2A580204009069F2 /* InfoView.swift */,
				DD78C9BF2A581133009069F2 /* InfoDetails.swift */,
				DD78C9C12A58150A009069F2 /* PostCapsulelImage.swift */,
				DD78C9C32A58294D009069F2 /* PostDescriptionView.swift */,
				DD78C9BD2A580692009069F2 /* InfoRow.swift */,
				DD78C9B52A57FFF2009069F2 /* Post.swift */,
				DD78C9B72A58009C009069F2 /* PostArray.swift */,
				DD78C9AB2A57FFE5009069F2 /* Assets.xcassets */,
				DD78C9AD2A57FFE5009069F2 /* Preview Content */,
			);
			path = SwiftUIApp;
			sourceTree = "<group>";
		};
		DD78C9AD2A57FFE5009069F2 /* Preview Content */ = {
			isa = PBXGroup;
			children = (
				DD78C9AE2A57FFE5009069F2 /* Preview Assets.xcassets */,
			);
			path = "Preview Content";
			sourceTree = "<group>";
		};
/* End PBXGroup section */

/* Begin PBXNativeTarget section */
		DD78C9A32A57FFE3009069F2 /* SwiftUIApp */ = {
			isa = PBXNativeTarget;
			buildConfigurationList = DD78C9B22A57FFE5009069F2 /* Build configuration list for PBXNativeTarget "SwiftUIApp" */;
			buildPhases = (
				DD78C9A02A57FFE3009069F2 /* Sources */,
				DD78C9A12A57FFE3009069F2 /* Frameworks */,
				DD78C9A22A57FFE3009069F2 /* Resources */,
			);
			buildRules = (
			);
			dependencies = (
			);
			name = SwiftUIApp;
			productName = SwiftUIApp;
			productReference = DD78C9A42A57FFE3009069F2 /* SwiftUIApp.app */;
			productType = "com.apple.product-type.application";
		};
/* End PBXNativeTarget section */

/* Begin PBXProject section */
		DD78C99C2A57FFE3009069F2 /* Project object */ = {
			isa = PBXProject;
			attributes = {
				BuildIndependentTargetsInParallel = 1;
				LastSwiftUpdateCheck = 1430;
				LastUpgradeCheck = 1430;
				TargetAttributes = {
					DD78C9A32A57FFE3009069F2 = {
						CreatedOnToolsVersion = 14.3.1;
					};
				};
			};
			buildConfigurationList = DD78C99F2A57FFE3009069F2 /* Build configuration list for PBXProject "SwiftUIApp" */;
			compatibilityVersion = "Xcode 14.0";
			developmentRegion = en;
			hasScannedForEncodings = 0;
			knownRegions = (
				en,
				Base,
			);
			mainGroup = DD78C99B2A57FFE3009069F2;
			productRefGroup = DD78C9A52A57FFE3009069F2 /* Products */;
			projectDirPath = "";
			projectRoot = "";
			targets = (
				DD78C9A32A57FFE3009069F2 /* SwiftUIApp */,
			);
		};
/* End PBXProject section */

/* Begin PBXResourcesBuildPhase section */
		DD78C9A22A57FFE3009069F2 /* Resources */ = {
			isa = PBXResourcesBuildPhase;
			buildActionMask = 2147483647;
			files = (
				DD78C9AF2A57FFE5009069F2 /* Preview Assets.xcassets in Resources */,
				DD78C9AC2A57FFE5009069F2 /* Assets.xcassets in Resources */,
			);
			runOnlyForDeploymentPostprocessing = 0;
		};
/* End PBXResourcesBuildPhase section */

/* Begin PBXSourcesBuildPhase section */
		DD78C9A02A57FFE3009069F2 /* Sources */ = {
			isa = PBXSourcesBuildPhase;
			buildActionMask = 2147483647;
			files = (
				DD78C9B62A57FFF2009069F2 /* Post.swift in Sources */,
				DD78C9C42A58294D009069F2 /* PostDescriptionView.swift in Sources */,
				DD78C9BE2A580692009069F2 /* InfoRow.swift in Sources */,
				DD78C9C82A58898D009069F2 /* MapView.swift in Sources */,
				DD78C9A82A57FFE3009069F2 /* SwiftUIAppApp.swift in Sources */,
				DD78C9BC2A580204009069F2 /* InfoView.swift in Sources */,
				DD78C9C62A582D73009069F2 /* ContentView.swift in Sources */,
				DD78C9C22A58150A009069F2 /* PostCapsulelImage.swift in Sources */,
				DD78C9C02A581133009069F2 /* InfoDetails.swift in Sources */,
				DD78C9B82A58009C009069F2 /* PostArray.swift in Sources */,
				DD78C9CA2A5889A2009069F2 /* SettingsView.swift in Sources */,
			);
			runOnlyForDeploymentPostprocessing = 0;
		};
/* End PBXSourcesBuildPhase section */

/* Begin XCBuildConfiguration section */
		DD78C9B02A57FFE5009069F2 /* Debug */ = {
			isa = XCBuildConfiguration;
			buildSettings = {
				ALWAYS_SEARCH_USER_PATHS = NO;
				CLANG_ANALYZER_NONNULL = YES;
				CLANG_ANALYZER_NUMBER_OBJECT_CONVERSION = YES_AGGRESSIVE;
				CLANG_CXX_LANGUAGE_STANDARD = "gnu++20";
				CLANG_ENABLE_MODULES = YES;
				CLANG_ENABLE_OBJC_ARC = YES;
				CLANG_ENABLE_OBJC_WEAK = YES;
				CLANG_WARN_BLOCK_CAPTURE_AUTORELEASING = YES;
				CLANG_WARN_BOOL_CONVERSION = YES;
				CLANG_WARN_COMMA = YES;
				CLANG_WARN_CONSTANT_CONVERSION = YES;
				CLANG_WARN_DEPRECATED_OBJC_IMPLEMENTATIONS = YES;
				CLANG_WARN_DIRECT_OBJC_ISA_USAGE = YES_ERROR;
				CLANG_WARN_DOCUMENTATION_COMMENTS = YES;
				CLANG_WARN_EMPTY_BODY = YES;
				CLANG_WARN_ENUM_CONVERSION = YES;
				CLANG_WARN_INFINITE_RECURSION = YES;
				CLANG_WARN_INT_CONVERSION = YES;
				CLANG_WARN_NON_LITERAL_NULL_CONVERSION = YES;
				CLANG_WARN_OBJC_IMPLICIT_RETAIN_SELF = YES;
				CLANG_WARN_OBJC_LITERAL_CONVERSION = YES;
				CLANG_WARN_OBJC_ROOT_CLASS = YES_ERROR;
				CLANG_WARN_QUOTED_INCLUDE_IN_FRAMEWORK_HEADER = YES;
				CLANG_WARN_RANGE_LOOP_ANALYSIS = YES;
				CLANG_WARN_STRICT_PROTOTYPES = YES;
				CLANG_WARN_SUSPICIOUS_MOVE = YES;
				CLANG_WARN_UNGUARDED_AVAILABILITY = YES_AGGRESSIVE;
				CLANG_WARN_UNREACHABLE_CODE = YES;
				CLANG_WARN__DUPLICATE_METHOD_MATCH = YES;
				COPY_PHASE_STRIP = NO;
				DEBUG_INFORMATION_FORMAT = dwarf;
				ENABLE_STRICT_OBJC_MSGSEND = YES;
				ENABLE_TESTABILITY = YES;
				GCC_C_LANGUAGE_STANDARD = gnu11;
				GCC_DYNAMIC_NO_PIC = NO;
				GCC_NO_COMMON_BLOCKS = YES;
				GCC_OPTIMIZATION_LEVEL = 0;
				GCC_PREPROCESSOR_DEFINITIONS = (
					"DEBUG=1",
					"$(inherited)",
				);
				GCC_WARN_64_TO_32_BIT_CONVERSION = YES;
				GCC_WARN_ABOUT_RETURN_TYPE = YES_ERROR;
				GCC_WARN_UNDECLARED_SELECTOR = YES;
				GCC_WARN_UNINITIALIZED_AUTOS = YES_AGGRESSIVE;
				GCC_WARN_UNUSED_FUNCTION = YES;
				GCC_WARN_UNUSED_VARIABLE = YES;
				IPHONEOS_DEPLOYMENT_TARGET = 16.4;
				MTL_ENABLE_DEBUG_INFO = INCLUDE_SOURCE;
				MTL_FAST_MATH = YES;
				ONLY_ACTIVE_ARCH = YES;
				SDKROOT = iphoneos;
				SWIFT_ACTIVE_COMPILATION_CONDITIONS = DEBUG;
				SWIFT_OPTIMIZATION_LEVEL = "-Onone";
			};
			name = Debug;
		};
		DD78C9B12A57FFE5009069F2 /* Release */ = {
			isa = XCBuildConfiguration;
			buildSettings = {
				ALWAYS_SEARCH_USER_PATHS = NO;
				CLANG_ANALYZER_NONNULL = YES;
				CLANG_ANALYZER_NUMBER_OBJECT_CONVERSION = YES_AGGRESSIVE;
				CLANG_CXX_LANGUAGE_STANDARD = "gnu++20";
				CLANG_ENABLE_MODULES = YES;
				CLANG_ENABLE_OBJC_ARC = YES;
				CLANG_ENABLE_OBJC_WEAK = YES;
				CLANG_WARN_BLOCK_CAPTURE_AUTORELEASING = YES;
				CLANG_WARN_BOOL_CONVERSION = YES;
				CLANG_WARN_COMMA = YES;
				CLANG_WARN_CONSTANT_CONVERSION = YES;
				CLANG_WARN_DEPRECATED_OBJC_IMPLEMENTATIONS = YES;
				CLANG_WARN_DIRECT_OBJC_ISA_USAGE = YES_ERROR;
				CLANG_WARN_DOCUMENTATION_COMMENTS = YES;
				CLANG_WARN_EMPTY_BODY = YES;
				CLANG_WARN_ENUM_CONVERSION = YES;
				CLANG_WARN_INFINITE_RECURSION = YES;
				CLANG_WARN_INT_CONVERSION = YES;
				CLANG_WARN_NON_LITERAL_NULL_CONVERSION = YES;
				CLANG_WARN_OBJC_IMPLICIT_RETAIN_SELF = YES;
				CLANG_WARN_OBJC_LITERAL_CONVERSION = YES;
				CLANG_WARN_OBJC_ROOT_CLASS = YES_ERROR;
				CLANG_WARN_QUOTED_INCLUDE_IN_FRAMEWORK_HEADER = YES;
				CLANG_WARN_RANGE_LOOP_ANALYSIS = YES;
				CLANG_WARN_STRICT_PROTOTYPES = YES;
				CLANG_WARN_SUSPICIOUS_MOVE = YES;
				CLANG_WARN_UNGUARDED_AVAILABILITY = YES_AGGRESSIVE;
				CLANG_WARN_UNREACHABLE_CODE = YES;
				CLANG_WARN__DUPLICATE_METHOD_MATCH = YES;
				COPY_PHASE_STRIP = NO;
				DEBUG_INFORMATION_FORMAT = "dwarf-with-dsym";
				ENABLE_NS_ASSERTIONS = NO;
				ENABLE_STRICT_OBJC_MSGSEND = YES;
				GCC_C_LANGUAGE_STANDARD = gnu11;
				GCC_NO_COMMON_BLOCKS = YES;
				GCC_WARN_64_TO_32_BIT_CONVERSION = YES;
				GCC_WARN_ABOUT_RETURN_TYPE = YES_ERROR;
				GCC_WARN_UNDECLARED_SELECTOR = YES;
				GCC_WARN_UNINITIALIZED_AUTOS = YES_AGGRESSIVE;
				GCC_WARN_UNUSED_FUNCTION = YES;
				GCC_WARN_UNUSED_VARIABLE = YES;
				IPHONEOS_DEPLOYMENT_TARGET = 16.4;
				MTL_ENABLE_DEBUG_INFO = NO;
				MTL_FAST_MATH = YES;
				SDKROOT = iphoneos;
				SWIFT_COMPILATION_MODE = wholemodule;
				SWIFT_OPTIMIZATION_LEVEL = "-O";
				VALIDATE_PRODUCT = YES;
			};
			name = Release;
		};
		DD78C9B32A57FFE5009069F2 /* Debug */ = {
			isa = XCBuildConfiguration;
			buildSettings = {
				ASSETCATALOG_COMPILER_APPICON_NAME = AppIcon;
				ASSETCATALOG_COMPILER_GLOBAL_ACCENT_COLOR_NAME = AccentColor;
				CODE_SIGN_STYLE = Automatic;
				CURRENT_PROJECT_VERSION = 1;
				DEVELOPMENT_ASSET_PATHS = "\"SwiftUIApp/Preview Content\"";
				DEVELOPMENT_TEAM = B8NB6YD92C;
				ENABLE_PREVIEWS = YES;
				GENERATE_INFOPLIST_FILE = YES;
				INFOPLIST_KEY_UIApplicationSceneManifest_Generation = YES;
				INFOPLIST_KEY_UIApplicationSupportsIndirectInputEvents = YES;
				INFOPLIST_KEY_UILaunchScreen_Generation = YES;
				INFOPLIST_KEY_UISupportedInterfaceOrientations_iPad = "UIInterfaceOrientationPortrait UIInterfaceOrientationPortraitUpsideDown UIInterfaceOrientationLandscapeLeft UIInterfaceOrientationLandscapeRight";
				INFOPLIST_KEY_UISupportedInterfaceOrientations_iPhone = "UIInterfaceOrientationPortrait UIInterfaceOrientationLandscapeLeft UIInterfaceOrientationLandscapeRight";
				LD_RUNPATH_SEARCH_PATHS = (
					"$(inherited)",
					"@executable_path/Frameworks",
				);
				MARKETING_VERSION = 1.0;
				PRODUCT_BUNDLE_IDENTIFIER = ru.mamba.SwiftUIApp;
				PRODUCT_NAME = "$(TARGET_NAME)";
				SWIFT_EMIT_LOC_STRINGS = YES;
				SWIFT_VERSION = 5.0;
				TARGETED_DEVICE_FAMILY = "1,2";
			};
			name = Debug;
		};
		DD78C9B42A57FFE5009069F2 /* Release */ = {
			isa = XCBuildConfiguration;
			buildSettings = {
				ASSETCATALOG_COMPILER_APPICON_NAME = AppIcon;
				ASSETCATALOG_COMPILER_GLOBAL_ACCENT_COLOR_NAME = AccentColor;
				CODE_SIGN_STYLE = Automatic;
				CURRENT_PROJECT_VERSION = 1;
				DEVELOPMENT_ASSET_PATHS = "\"SwiftUIApp/Preview Content\"";
				DEVELOPMENT_TEAM = B8NB6YD92C;
				ENABLE_PREVIEWS = YES;
				GENERATE_INFOPLIST_FILE = YES;
				INFOPLIST_KEY_UIApplicationSceneManifest_Generation = YES;
				INFOPLIST_KEY_UIApplicationSupportsIndirectInputEvents = YES;
				INFOPLIST_KEY_UILaunchScreen_Generation = YES;
				INFOPLIST_KEY_UISupportedInterfaceOrientations_iPad = "UIInterfaceOrientationPortrait UIInterfaceOrientationPortraitUpsideDown UIInterfaceOrientationLandscapeLeft UIInterfaceOrientationLandscapeRight";
				INFOPLIST_KEY_UISupportedInterfaceOrientations_iPhone = "UIInterfaceOrientationPortrait UIInterfaceOrientationLandscapeLeft UIInterfaceOrientationLandscapeRight";
				LD_RUNPATH_SEARCH_PATHS = (
					"$(inherited)",
					"@executable_path/Frameworks",
				);
				MARKETING_VERSION = 1.0;
				PRODUCT_BUNDLE_IDENTIFIER = ru.mamba.SwiftUIApp;
				PRODUCT_NAME = "$(TARGET_NAME)";
				SWIFT_EMIT_LOC_STRINGS = YES;
				SWIFT_VERSION = 5.0;
				TARGETED_DEVICE_FAMILY = "1,2";
			};
			name = Release;
		};
/* End XCBuildConfiguration section */

/* Begin XCConfigurationList section */
		DD78C99F2A57FFE3009069F2 /* Build configuration list for PBXProject "SwiftUIApp" */ = {
			isa = XCConfigurationList;
			buildConfigurations = (
				DD78C9B02A57FFE5009069F2 /* Debug */,
				DD78C9B12A57FFE5009069F2 /* Release */,
			);
			defaultConfigurationIsVisible = 0;
			defaultConfigurationName = Release;
		};
		DD78C9B22A57FFE5009069F2 /* Build configuration list for PBXNativeTarget "SwiftUIApp" */ = {
			isa = XCConfigurationList;
			buildConfigurations = (
				DD78C9B32A57FFE5009069F2 /* Debug */,
				DD78C9B42A57FFE5009069F2 /* Release */,
			);
			defaultConfigurationIsVisible = 0;
			defaultConfigurationName = Release;
		};
/* End XCConfigurationList section */
	};
	rootObject = DD78C99C2A57FFE3009069F2 /* Project object */;
}
